
Microsoft Visual Studio Solution File, Format Version 12.00
# Visual Studio Version 16
VisualStudioVersion = 16.0.31402.337
MinimumVisualStudioVersion = 10.0.40219.1
Project("{FAE04EC0-301F-11D3-BF4B-00C04F79EFBC}") = "REngine-msg-tool", "REngine-msg-tool\REngine-msg-tool.csproj", "{B69CC0D3-35F0-42F8-A6CF-908DA9ADD578}"
EndProject
Global
	GlobalSection(SolutionConfigurationPlatforms) = preSolution
		Debug|Any CPU = Debug|Any CPU
		Release|Any CPU = Release|Any CPU
	EndGlobalSection
	GlobalSection(ProjectConfigurationPlatforms) = postSolution
		{B69CC0D3-35F0-42F8-A6CF-908DA9ADD578}.Debug|Any CPU.ActiveCfg = Debug|Any CPU
		{B69CC0D3-35F0-42F8-A6CF-908DA9ADD578}.Debug|Any CPU.Build.0 = Debug|Any CPU
		{B69CC0D3-35F0-42F8-A6CF-908DA9ADD578}.Release|Any CPU.ActiveCfg = Release|Any CPU
		{B69CC0D3-35F0-42F8-A6CF-908DA9ADD578}.Release|Any CPU.Build.0 = Release|Any CPU
	EndGlobalSection
	GlobalSection(SolutionProperties) = preSolution
		HideSolutionNode = FALSE
	EndGlobalSection
	GlobalSection(ExtensibilityGlobals) = postSolution
		SolutionGuid = {FC234BF7-9C20-498C-AD12-58AD5499B05B}
	EndGlobalSection
EndGlobal
